
Microsoft Visual Studio Solution File, Format Version 12.00
# Visual Studio 15
VisualStudioVersion = 15.0.27428.2027
MinimumVisualStudioVersion = 10.0.40219.1
Project("{FAE04EC0-301F-11D3-BF4B-00C04F79EFBC}") = "Lab06.MVC.Carriage", "Lab06.MVC.Carriage\Lab06.MVC.Carriage.csproj", "{FAD1F75D-D058-4F76-80AD-B31125F5D001}"
EndProject
Project("{FAE04EC0-301F-11D3-BF4B-00C04F79EFBC}") = "Lab06.MVC.Carriage.DAL", "Lab06.MVC.Carriage.DAL\Lab06.MVC.Carriage.DAL.csproj", "{C641BA83-B7FC-48CA-9096-DB63058FE913}"
EndProject
Project("{FAE04EC0-301F-11D3-BF4B-00C04F79EFBC}") = "Lab06.MVC.Carriage.BL", "Lab06.MVC.Carriage.BL\Lab06.MVC.Carriage.BL.csproj", "{B9D80B6F-5F11-4FAD-8B30-B5F0C60EDC4A}"
EndProject
Global
	GlobalSection(SolutionConfigurationPlatforms) = preSolution
		Debug|Any CPU = Debug|Any CPU
		Release|Any CPU = Release|Any CPU
	EndGlobalSection
	GlobalSection(ProjectConfigurationPlatforms) = postSolution
		{FAD1F75D-D058-4F76-80AD-B31125F5D001}.Debug|Any CPU.ActiveCfg = Debug|Any CPU
		{FAD1F75D-D058-4F76-80AD-B31125F5D001}.Debug|Any CPU.Build.0 = Debug|Any CPU
		{FAD1F75D-D058-4F76-80AD-B31125F5D001}.Release|Any CPU.ActiveCfg = Release|Any CPU
		{FAD1F75D-D058-4F76-80AD-B31125F5D001}.Release|Any CPU.Build.0 = Release|Any CPU
		{C641BA83-B7FC-48CA-9096-DB63058FE913}.Debug|Any CPU.ActiveCfg = Debug|Any CPU
		{C641BA83-B7FC-48CA-9096-DB63058FE913}.Debug|Any CPU.Build.0 = Debug|Any CPU
		{C641BA83-B7FC-48CA-9096-DB63058FE913}.Release|Any CPU.ActiveCfg = Release|Any CPU
		{C641BA83-B7FC-48CA-9096-DB63058FE913}.Release|Any CPU.Build.0 = Release|Any CPU
		{B9D80B6F-5F11-4FAD-8B30-B5F0C60EDC4A}.Debug|Any CPU.ActiveCfg = Debug|Any CPU
		{B9D80B6F-5F11-4FAD-8B30-B5F0C60EDC4A}.Debug|Any CPU.Build.0 = Debug|Any CPU
		{B9D80B6F-5F11-4FAD-8B30-B5F0C60EDC4A}.Release|Any CPU.ActiveCfg = Release|Any CPU
		{B9D80B6F-5F11-4FAD-8B30-B5F0C60EDC4A}.Release|Any CPU.Build.0 = Release|Any CPU
	EndGlobalSection
	GlobalSection(SolutionProperties) = preSolution
		HideSolutionNode = FALSE
	EndGlobalSection
	GlobalSection(ExtensibilityGlobals) = postSolution
		SolutionGuid = {7C51FA20-A97F-470B-85FF-F43FEA5161ED}
	EndGlobalSection
EndGlobal
